// !$*UTF8*$!
{
	archiveVersion = 1;
	classes = {
	};
	objectVersion = 46;
	objects = {

/* Begin PBXBuildFile section */
		27CB44F01AF10E8E0005A7F9 /* SearchRepos.swift in Sources */ = {isa = PBXBuildFile; fileRef = 27CB44EF1AF10E8E0005A7F9 /* SearchRepos.swift */; };
		61C80F561AEE7E6500C15F50 /* AppDelegate.swift in Sources */ = {isa = PBXBuildFile; fileRef = 61C80F551AEE7E6500C15F50 /* AppDelegate.swift */; };
		61C80F591AEE7E6500C15F50 /* iProgress.xcdatamodeld in Sources */ = {isa = PBXBuildFile; fileRef = 61C80F571AEE7E6500C15F50 /* iProgress.xcdatamodeld */; };
		61C80F5B1AEE7E6500C15F50 /* ViewController.swift in Sources */ = {isa = PBXBuildFile; fileRef = 61C80F5A1AEE7E6500C15F50 /* ViewController.swift */; };
		61C80F5E1AEE7E6500C15F50 /* Main.storyboard in Resources */ = {isa = PBXBuildFile; fileRef = 61C80F5C1AEE7E6500C15F50 /* Main.storyboard */; };
		61C80F601AEE7E6500C15F50 /* Images.xcassets in Resources */ = {isa = PBXBuildFile; fileRef = 61C80F5F1AEE7E6500C15F50 /* Images.xcassets */; };
		61C80F631AEE7E6500C15F50 /* LaunchScreen.xib in Resources */ = {isa = PBXBuildFile; fileRef = 61C80F611AEE7E6500C15F50 /* LaunchScreen.xib */; };
		61C80F6F1AEE7E6500C15F50 /* iProgressTests.swift in Sources */ = {isa = PBXBuildFile; fileRef = 61C80F6E1AEE7E6500C15F50 /* iProgressTests.swift */; };
		E424A9151AEFBB99009584D4 /* User.swift in Sources */ = {isa = PBXBuildFile; fileRef = E424A9141AEFBB99009584D4 /* User.swift */; };
		E424A91A1AEFC248009584D4 /* ProfileViewController.swift in Sources */ = {isa = PBXBuildFile; fileRef = E424A9191AEFC248009584D4 /* ProfileViewController.swift */; };
		E43D4C131AF0F035004F0F5A /* ReposViewController.swift in Sources */ = {isa = PBXBuildFile; fileRef = E43D4C121AF0F035004F0F5A /* ReposViewController.swift */; };
		E4CB0EE51AEFA211009EC702 /* Search.swift in Sources */ = {isa = PBXBuildFile; fileRef = E4CB0EE41AEFA211009EC702 /* Search.swift */; };
/* End PBXBuildFile section */

/* Begin PBXContainerItemProxy section */
		61C80F691AEE7E6500C15F50 /* PBXContainerItemProxy */ = {
			isa = PBXContainerItemProxy;
			containerPortal = 61C80F481AEE7E6500C15F50 /* Project object */;
			proxyType = 1;
			remoteGlobalIDString = 61C80F4F1AEE7E6500C15F50;
			remoteInfo = iProgress;
		};
/* End PBXContainerItemProxy section */

/* Begin PBXFileReference section */
		27CB44EF1AF10E8E0005A7F9 /* SearchRepos.swift */ = {isa = PBXFileReference; fileEncoding = 4; lastKnownFileType = sourcecode.swift; path = SearchRepos.swift; sourceTree = "<group>"; };
		61C80F501AEE7E6500C15F50 /* iProgress.app */ = {isa = PBXFileReference; explicitFileType = wrapper.application; includeInIndex = 0; path = iProgress.app; sourceTree = BUILT_PRODUCTS_DIR; };
		61C80F541AEE7E6500C15F50 /* Info.plist */ = {isa = PBXFileReference; lastKnownFileType = text.plist.xml; path = Info.plist; sourceTree = "<group>"; };
		61C80F551AEE7E6500C15F50 /* AppDelegate.swift */ = {isa = PBXFileReference; lastKnownFileType = sourcecode.swift; path = AppDelegate.swift; sourceTree = "<group>"; };
		61C80F581AEE7E6500C15F50 /* iProgress.xcdatamodel */ = {isa = PBXFileReference; lastKnownFileType = wrapper.xcdatamodel; path = iProgress.xcdatamodel; sourceTree = "<group>"; };
		61C80F5A1AEE7E6500C15F50 /* ViewController.swift */ = {isa = PBXFileReference; lastKnownFileType = sourcecode.swift; path = ViewController.swift; sourceTree = "<group>"; };
		61C80F5D1AEE7E6500C15F50 /* Base */ = {isa = PBXFileReference; lastKnownFileType = file.storyboard; name = Base; path = Base.lproj/Main.storyboard; sourceTree = "<group>"; };
		61C80F5F1AEE7E6500C15F50 /* Images.xcassets */ = {isa = PBXFileReference; lastKnownFileType = folder.assetcatalog; path = Images.xcassets; sourceTree = "<group>"; };
		61C80F621AEE7E6500C15F50 /* Base */ = {isa = PBXFileReference; lastKnownFileType = file.xib; name = Base; path = Base.lproj/LaunchScreen.xib; sourceTree = "<group>"; };
		61C80F681AEE7E6500C15F50 /* iProgressTests.xctest */ = {isa = PBXFileReference; explicitFileType = wrapper.cfbundle; includeInIndex = 0; path = iProgressTests.xctest; sourceTree = BUILT_PRODUCTS_DIR; };
		61C80F6D1AEE7E6500C15F50 /* Info.plist */ = {isa = PBXFileReference; lastKnownFileType = text.plist.xml; path = Info.plist; sourceTree = "<group>"; };
		61C80F6E1AEE7E6500C15F50 /* iProgressTests.swift */ = {isa = PBXFileReference; lastKnownFileType = sourcecode.swift; path = iProgressTests.swift; sourceTree = "<group>"; };
		E424A9141AEFBB99009584D4 /* User.swift */ = {isa = PBXFileReference; fileEncoding = 4; lastKnownFileType = sourcecode.swift; name = User.swift; path = ../User.swift; sourceTree = "<group>"; };
		E424A9191AEFC248009584D4 /* ProfileViewController.swift */ = {isa = PBXFileReference; fileEncoding = 4; lastKnownFileType = sourcecode.swift; path = ProfileViewController.swift; sourceTree = "<group>"; };
		E43D4C121AF0F035004F0F5A /* ReposViewController.swift */ = {isa = PBXFileReference; fileEncoding = 4; lastKnownFileType = sourcecode.swift; path = ReposViewController.swift; sourceTree = "<group>"; };
		E4CB0EE41AEFA211009EC702 /* Search.swift */ = {isa = PBXFileReference; fileEncoding = 4; lastKnownFileType = sourcecode.swift; path = Search.swift; sourceTree = "<group>"; };
/* End PBXFileReference section */

/* Begin PBXFrameworksBuildPhase section */
		61C80F4D1AEE7E6500C15F50 /* Frameworks */ = {
			isa = PBXFrameworksBuildPhase;
			buildActionMask = 2147483647;
			files = (
			);
			runOnlyForDeploymentPostprocessing = 0;
		};
		61C80F651AEE7E6500C15F50 /* Frameworks */ = {
			isa = PBXFrameworksBuildPhase;
			buildActionMask = 2147483647;
			files = (
			);
			runOnlyForDeploymentPostprocessing = 0;
		};
/* End PBXFrameworksBuildPhase section */

/* Begin PBXGroup section */
		61C80F471AEE7E6500C15F50 = {
			isa = PBXGroup;
			children = (
				61C80F521AEE7E6500C15F50 /* iProgress */,
				61C80F6B1AEE7E6500C15F50 /* iProgressTests */,
				61C80F511AEE7E6500C15F50 /* Products */,
			);
			sourceTree = "<group>";
		};
		61C80F511AEE7E6500C15F50 /* Products */ = {
			isa = PBXGroup;
			children = (
				61C80F501AEE7E6500C15F50 /* iProgress.app */,
				61C80F681AEE7E6500C15F50 /* iProgressTests.xctest */,
			);
			name = Products;
			sourceTree = "<group>";
		};
		61C80F521AEE7E6500C15F50 /* iProgress */ = {
			isa = PBXGroup;
			children = (
				E424A9181AEFC0F1009584D4 /* Entidades */,
				61C80F551AEE7E6500C15F50 /* AppDelegate.swift */,
				61C80F5A1AEE7E6500C15F50 /* ViewController.swift */,
				61C80F5C1AEE7E6500C15F50 /* Main.storyboard */,
				61C80F5F1AEE7E6500C15F50 /* Images.xcassets */,
				61C80F611AEE7E6500C15F50 /* LaunchScreen.xib */,
				61C80F571AEE7E6500C15F50 /* iProgress.xcdatamodeld */,
				61C80F531AEE7E6500C15F50 /* Supporting Files */,
				E4CB0EE41AEFA211009EC702 /* Search.swift */,
				27CB44EF1AF10E8E0005A7F9 /* SearchRepos.swift */,
				E424A9191AEFC248009584D4 /* ProfileViewController.swift */,
				E43D4C121AF0F035004F0F5A /* ReposViewController.swift */,
			);
			path = iProgress;
			sourceTree = "<group>";
		};
		61C80F531AEE7E6500C15F50 /* Supporting Files */ = {
			isa = PBXGroup;
			children = (
				61C80F541AEE7E6500C15F50 /* Info.plist */,
			);
			name = "Supporting Files";
			sourceTree = "<group>";
		};
		61C80F6B1AEE7E6500C15F50 /* iProgressTests */ = {
			isa = PBXGroup;
			children = (
				61C80F6E1AEE7E6500C15F50 /* iProgressTests.swift */,
				61C80F6C1AEE7E6500C15F50 /* Supporting Files */,
			);
			path = iProgressTests;
			sourceTree = "<group>";
		};
		61C80F6C1AEE7E6500C15F50 /* Supporting Files */ = {
			isa = PBXGroup;
			children = (
				61C80F6D1AEE7E6500C15F50 /* Info.plist */,
			);
			name = "Supporting Files";
			sourceTree = "<group>";
		};
		E424A9181AEFC0F1009584D4 /* Entidades */ = {
			isa = PBXGroup;
			children = (
				E424A9141AEFBB99009584D4 /* User.swift */,
			);
			name = Entidades;
			sourceTree = "<group>";
		};
/* End PBXGroup section */

/* Begin PBXNativeTarget section */
		61C80F4F1AEE7E6500C15F50 /* iProgress */ = {
			isa = PBXNativeTarget;
			buildConfigurationList = 61C80F721AEE7E6500C15F50 /* Build configuration list for PBXNativeTarget "iProgress" */;
			buildPhases = (
				61C80F4C1AEE7E6500C15F50 /* Sources */,
				61C80F4D1AEE7E6500C15F50 /* Frameworks */,
				61C80F4E1AEE7E6500C15F50 /* Resources */,
			);
			buildRules = (
			);
			dependencies = (
			);
			name = iProgress;
			productName = iProgress;
			productReference = 61C80F501AEE7E6500C15F50 /* iProgress.app */;
			productType = "com.apple.product-type.application";
		};
		61C80F671AEE7E6500C15F50 /* iProgressTests */ = {
			isa = PBXNativeTarget;
			buildConfigurationList = 61C80F751AEE7E6500C15F50 /* Build configuration list for PBXNativeTarget "iProgressTests" */;
			buildPhases = (
				61C80F641AEE7E6500C15F50 /* Sources */,
				61C80F651AEE7E6500C15F50 /* Frameworks */,
				61C80F661AEE7E6500C15F50 /* Resources */,
			);
			buildRules = (
			);
			dependencies = (
				61C80F6A1AEE7E6500C15F50 /* PBXTargetDependency */,
			);
			name = iProgressTests;
			productName = iProgressTests;
			productReference = 61C80F681AEE7E6500C15F50 /* iProgressTests.xctest */;
			productType = "com.apple.product-type.bundle.unit-test";
		};
/* End PBXNativeTarget section */

/* Begin PBXProject section */
		61C80F481AEE7E6500C15F50 /* Project object */ = {
			isa = PBXProject;
			attributes = {
				LastUpgradeCheck = 0630;
				ORGANIZATIONNAME = "Eduardo Quadros";
				TargetAttributes = {
					61C80F4F1AEE7E6500C15F50 = {
						CreatedOnToolsVersion = 6.3.1;
					};
					61C80F671AEE7E6500C15F50 = {
						CreatedOnToolsVersion = 6.3.1;
						TestTargetID = 61C80F4F1AEE7E6500C15F50;
					};
				};
			};
			buildConfigurationList = 61C80F4B1AEE7E6500C15F50 /* Build configuration list for PBXProject "iProgress" */;
			compatibilityVersion = "Xcode 3.2";
			developmentRegion = English;
			hasScannedForEncodings = 0;
			knownRegions = (
				en,
				Base,
			);
			mainGroup = 61C80F471AEE7E6500C15F50;
			productRefGroup = 61C80F511AEE7E6500C15F50 /* Products */;
			projectDirPath = "";
			projectRoot = "";
			targets = (
				61C80F4F1AEE7E6500C15F50 /* iProgress */,
				61C80F671AEE7E6500C15F50 /* iProgressTests */,
			);
		};
/* End PBXProject section */

/* Begin PBXResourcesBuildPhase section */
		61C80F4E1AEE7E6500C15F50 /* Resources */ = {
			isa = PBXResourcesBuildPhase;
			buildActionMask = 2147483647;
			files = (
				61C80F5E1AEE7E6500C15F50 /* Main.storyboard in Resources */,
				61C80F631AEE7E6500C15F50 /* LaunchScreen.xib in Resources */,
				61C80F601AEE7E6500C15F50 /* Images.xcassets in Resources */,
			);
			runOnlyForDeploymentPostprocessing = 0;
		};
		61C80F661AEE7E6500C15F50 /* Resources */ = {
			isa = PBXResourcesBuildPhase;
			buildActionMask = 2147483647;
			files = (
			);
			runOnlyForDeploymentPostprocessing = 0;
		};
/* End PBXResourcesBuildPhase section */

/* Begin PBXSourcesBuildPhase section */
		61C80F4C1AEE7E6500C15F50 /* Sources */ = {
			isa = PBXSourcesBuildPhase;
			buildActionMask = 2147483647;
			files = (
				E424A91A1AEFC248009584D4 /* ProfileViewController.swift in Sources */,
				61C80F5B1AEE7E6500C15F50 /* ViewController.swift in Sources */,
				E4CB0EE51AEFA211009EC702 /* Search.swift in Sources */,
				27CB44F01AF10E8E0005A7F9 /* SearchRepos.swift in Sources */,
				E43D4C131AF0F035004F0F5A /* ReposViewController.swift in Sources */,
				61C80F591AEE7E6500C15F50 /* iProgress.xcdatamodeld in Sources */,
				E424A9151AEFBB99009584D4 /* User.swift in Sources */,
				61C80F561AEE7E6500C15F50 /* AppDelegate.swift in Sources */,
			);
			runOnlyForDeploymentPostprocessing = 0;
		};
		61C80F641AEE7E6500C15F50 /* Sources */ = {
			isa = PBXSourcesBuildPhase;
			buildActionMask = 2147483647;
			files = (
				61C80F6F1AEE7E6500C15F50 /* iProgressTests.swift in Sources */,
			);
			runOnlyForDeploymentPostprocessing = 0;
		};
/* End PBXSourcesBuildPhase section */

/* Begin PBXTargetDependency section */
		61C80F6A1AEE7E6500C15F50 /* PBXTargetDependency */ = {
			isa = PBXTargetDependency;
			target = 61C80F4F1AEE7E6500C15F50 /* iProgress */;
			targetProxy = 61C80F691AEE7E6500C15F50 /* PBXContainerItemProxy */;
		};
/* End PBXTargetDependency section */

/* Begin PBXVariantGroup section */
		61C80F5C1AEE7E6500C15F50 /* Main.storyboard */ = {
			isa = PBXVariantGroup;
			children = (
				61C80F5D1AEE7E6500C15F50 /* Base */,
			);
			name = Main.storyboard;
			sourceTree = "<group>";
		};
		61C80F611AEE7E6500C15F50 /* LaunchScreen.xib */ = {
			isa = PBXVariantGroup;
			children = (
				61C80F621AEE7E6500C15F50 /* Base */,
			);
			name = LaunchScreen.xib;
			sourceTree = "<group>";
		};
/* End PBXVariantGroup section */

/* Begin XCBuildConfiguration section */
		61C80F701AEE7E6500C15F50 /* Debug */ = {
			isa = XCBuildConfiguration;
			buildSettings = {
				ALWAYS_SEARCH_USER_PATHS = NO;
				CLANG_CXX_LANGUAGE_STANDARD = "gnu++0x";
				CLANG_CXX_LIBRARY = "libc++";
				CLANG_ENABLE_MODULES = YES;
				CLANG_ENABLE_OBJC_ARC = YES;
				CLANG_WARN_BOOL_CONVERSION = YES;
				CLANG_WARN_CONSTANT_CONVERSION = YES;
				CLANG_WARN_DIRECT_OBJC_ISA_USAGE = YES_ERROR;
				CLANG_WARN_EMPTY_BODY = YES;
				CLANG_WARN_ENUM_CONVERSION = YES;
				CLANG_WARN_INT_CONVERSION = YES;
				CLANG_WARN_OBJC_ROOT_CLASS = YES_ERROR;
				CLANG_WARN_UNREACHABLE_CODE = YES;
				CLANG_WARN__DUPLICATE_METHOD_MATCH = YES;
				"CODE_SIGN_IDENTITY[sdk=iphoneos*]" = "iPhone Developer";
				COPY_PHASE_STRIP = NO;
				DEBUG_INFORMATION_FORMAT = "dwarf-with-dsym";
				ENABLE_STRICT_OBJC_MSGSEND = YES;
				GCC_C_LANGUAGE_STANDARD = gnu99;
				GCC_DYNAMIC_NO_PIC = NO;
				GCC_NO_COMMON_BLOCKS = YES;
				GCC_OPTIMIZATION_LEVEL = 0;
				GCC_PREPROCESSOR_DEFINITIONS = (
					"DEBUG=1",
					"$(inherited)",
				);
				GCC_SYMBOLS_PRIVATE_EXTERN = NO;
				GCC_WARN_64_TO_32_BIT_CONVERSION = YES;
				GCC_WARN_ABOUT_RETURN_TYPE = YES_ERROR;
				GCC_WARN_UNDECLARED_SELECTOR = YES;
				GCC_WARN_UNINITIALIZED_AUTOS = YES_AGGRESSIVE;
				GCC_WARN_UNUSED_FUNCTION = YES;
				GCC_WARN_UNUSED_VARIABLE = YES;
				IPHONEOS_DEPLOYMENT_TARGET = 8.3;
				MTL_ENABLE_DEBUG_INFO = YES;
				ONLY_ACTIVE_ARCH = YES;
				SDKROOT = iphoneos;
				SWIFT_OPTIMIZATION_LEVEL = "-Onone";
			};
			name = Debug;
		};
		61C80F711AEE7E6500C15F50 /* Release */ = {
			isa = XCBuildConfiguration;
			buildSettings = {
				ALWAYS_SEARCH_USER_PATHS = NO;
				CLANG_CXX_LANGUAGE_STANDARD = "gnu++0x";
				CLANG_CXX_LIBRARY = "libc++";
				CLANG_ENABLE_MODULES = YES;
				CLANG_ENABLE_OBJC_ARC = YES;
				CLANG_WARN_BOOL_CONVERSION = YES;
				CLANG_WARN_CONSTANT_CONVERSION = YES;
				CLANG_WARN_DIRECT_OBJC_ISA_USAGE = YES_ERROR;
				CLANG_WARN_EMPTY_BODY = YES;
				CLANG_WARN_ENUM_CONVERSION = YES;
				CLANG_WARN_INT_CONVERSION = YES;
				CLANG_WARN_OBJC_ROOT_CLASS = YES_ERROR;
				CLANG_WARN_UNREACHABLE_CODE = YES;
				CLANG_WARN__DUPLICATE_METHOD_MATCH = YES;
				"CODE_SIGN_IDENTITY[sdk=iphoneos*]" = "iPhone Developer";
				COPY_PHASE_STRIP = NO;
				DEBUG_INFORMATION_FORMAT = "dwarf-with-dsym";
				ENABLE_NS_ASSERTIONS = NO;
				ENABLE_STRICT_OBJC_MSGSEND = YES;
				GCC_C_LANGUAGE_STANDARD = gnu99;
				GCC_NO_COMMON_BLOCKS = YES;
				GCC_WARN_64_TO_32_BIT_CONVERSION = YES;
				GCC_WARN_ABOUT_RETURN_TYPE = YES_ERROR;
				GCC_WARN_UNDECLARED_SELECTOR = YES;
				GCC_WARN_UNINITIALIZED_AUTOS = YES_AGGRESSIVE;
				GCC_WARN_UNUSED_FUNCTION = YES;
				GCC_WARN_UNUSED_VARIABLE = YES;
				IPHONEOS_DEPLOYMENT_TARGET = 8.3;
				MTL_ENABLE_DEBUG_INFO = NO;
				SDKROOT = iphoneos;
				VALIDATE_PRODUCT = YES;
			};
			name = Release;
		};
		61C80F731AEE7E6500C15F50 /* Debug */ = {
			isa = XCBuildConfiguration;
			buildSettings = {
				ASSETCATALOG_COMPILER_APPICON_NAME = AppIcon;
				INFOPLIST_FILE = iProgress/Info.plist;
				LD_RUNPATH_SEARCH_PATHS = "$(inherited) @executable_path/Frameworks";
				PRODUCT_NAME = "$(TARGET_NAME)";
			};
			name = Debug;
		};
		61C80F741AEE7E6500C15F50 /* Release */ = {
			isa = XCBuildConfiguration;
			buildSettings = {
				ASSETCATALOG_COMPILER_APPICON_NAME = AppIcon;
				INFOPLIST_FILE = iProgress/Info.plist;
				LD_RUNPATH_SEARCH_PATHS = "$(inherited) @executable_path/Frameworks";
				PRODUCT_NAME = "$(TARGET_NAME)";
			};
			name = Release;
		};
		61C80F761AEE7E6500C15F50 /* Debug */ = {
			isa = XCBuildConfiguration;
			buildSettings = {
				BUNDLE_LOADER = "$(TEST_HOST)";
				FRAMEWORK_SEARCH_PATHS = (
					"$(SDKROOT)/Developer/Library/Frameworks",
					"$(inherited)",
				);
				GCC_PREPROCESSOR_DEFINITIONS = (
					"DEBUG=1",
					"$(inherited)",
				);
				INFOPLIST_FILE = iProgressTests/Info.plist;
				LD_RUNPATH_SEARCH_PATHS = "$(inherited) @executable_path/Frameworks @loader_path/Frameworks";
				PRODUCT_NAME = "$(TARGET_NAME)";
				TEST_HOST = "$(BUILT_PRODUCTS_DIR)/iProgress.app/iProgress";
			};
			name = Debug;
		};
		61C80F771AEE7E6500C15F50 /* Release */ = {
			isa = XCBuildConfiguration;
			buildSettings = {
				BUNDLE_LOADER = "$(TEST_HOST)";
				FRAMEWORK_SEARCH_PATHS = (
					"$(SDKROOT)/Developer/Library/Frameworks",
					"$(inherited)",
				);
				INFOPLIST_FILE = iProgressTests/Info.plist;
				LD_RUNPATH_SEARCH_PATHS = "$(inherited) @executable_path/Frameworks @loader_path/Frameworks";
				PRODUCT_NAME = "$(TARGET_NAME)";
				TEST_HOST = "$(BUILT_PRODUCTS_DIR)/iProgress.app/iProgress";
			};
			name = Release;
		};
/* End XCBuildConfiguration section */

/* Begin XCConfigurationList section */
		61C80F4B1AEE7E6500C15F50 /* Build configuration list for PBXProject "iProgress" */ = {
			isa = XCConfigurationList;
			buildConfigurations = (
				61C80F701AEE7E6500C15F50 /* Debug */,
				61C80F711AEE7E6500C15F50 /* Release */,
			);
			defaultConfigurationIsVisible = 0;
			defaultConfigurationName = Release;
		};
		61C80F721AEE7E6500C15F50 /* Build configuration list for PBXNativeTarget "iProgress" */ = {
			isa = XCConfigurationList;
			buildConfigurations = (
				61C80F731AEE7E6500C15F50 /* Debug */,
				61C80F741AEE7E6500C15F50 /* Release */,
			);
			defaultConfigurationIsVisible = 0;
			defaultConfigurationName = Release;
		};
		61C80F751AEE7E6500C15F50 /* Build configuration list for PBXNativeTarget "iProgressTests" */ = {
			isa = XCConfigurationList;
			buildConfigurations = (
				61C80F761AEE7E6500C15F50 /* Debug */,
				61C80F771AEE7E6500C15F50 /* Release */,
			);
			defaultConfigurationIsVisible = 0;
			defaultConfigurationName = Release;
		};
/* End XCConfigurationList section */

/* Begin XCVersionGroup section */
		61C80F571AEE7E6500C15F50 /* iProgress.xcdatamodeld */ = {
			isa = XCVersionGroup;
			children = (
				61C80F581AEE7E6500C15F50 /* iProgress.xcdatamodel */,
			);
			currentVersion = 61C80F581AEE7E6500C15F50 /* iProgress.xcdatamodel */;
			path = iProgress.xcdatamodeld;
			sourceTree = "<group>";
			versionGroupType = wrapper.xcdatamodel;
		};
/* End XCVersionGroup section */
	};
	rootObject = 61C80F481AEE7E6500C15F50 /* Project object */;
}
